
Microsoft Visual Studio Solution File, Format Version 12.00
# Visual Studio 2012
Project("{8BC9CEB8-8B4A-11D0-8D11-00A0C91BC942}") = "TestGame", "src\TestGame\TestGame.vcxproj", "{EACD8C5E-3EEE-48DB-9CEB-B88D441261C9}"
	ProjectSection(ProjectDependencies) = postProject
		{52D6EBAD-7DF3-44AD-BEE1-AD79262B5F3B} = {52D6EBAD-7DF3-44AD-BEE1-AD79262B5F3B}
	EndProjectSection
EndProject
Project("{8BC9CEB8-8B4A-11D0-8D11-00A0C91BC942}") = "Engine2D", "src\Engine2D\Engine2D.vcxproj", "{52D6EBAD-7DF3-44AD-BEE1-AD79262B5F3B}"
EndProject
Global
	GlobalSection(SolutionConfigurationPlatforms) = preSolution
		Debug|Win32 = Debug|Win32
		Release|Win32 = Release|Win32
	EndGlobalSection
	GlobalSection(ProjectConfigurationPlatforms) = postSolution
		{EACD8C5E-3EEE-48DB-9CEB-B88D441261C9}.Debug|Win32.ActiveCfg = Debug|Win32
		{EACD8C5E-3EEE-48DB-9CEB-B88D441261C9}.Debug|Win32.Build.0 = Debug|Win32
		{EACD8C5E-3EEE-48DB-9CEB-B88D441261C9}.Release|Win32.ActiveCfg = Release|Win32
		{EACD8C5E-3EEE-48DB-9CEB-B88D441261C9}.Release|Win32.Build.0 = Release|Win32
		{52D6EBAD-7DF3-44AD-BEE1-AD79262B5F3B}.Debug|Win32.ActiveCfg = Debug|Win32
		{52D6EBAD-7DF3-44AD-BEE1-AD79262B5F3B}.Debug|Win32.Build.0 = Debug|Win32
		{52D6EBAD-7DF3-44AD-BEE1-AD79262B5F3B}.Release|Win32.ActiveCfg = Release|Win32
		{52D6EBAD-7DF3-44AD-BEE1-AD79262B5F3B}.Release|Win32.Build.0 = Release|Win32
	EndGlobalSection
	GlobalSection(SolutionProperties) = preSolution
		HideSolutionNode = FALSE
	EndGlobalSection
EndGlobal
